
Microsoft Visual Studio Solution File, Format Version 12.00
# Visual Studio Version 17
VisualStudioVersion = 17.5.33414.496
MinimumVisualStudioVersion = 10.0.40219.1
Project("{9A19103F-16F7-4668-BE54-9A1E7A4F7556}") = "WebAPI", "CodebridgeTest\WebAPI.csproj", "{CF00F8CD-6A66-4D43-A9BA-4B5AF74E3581}"
EndProject
Project("{2150E333-8FDC-42A3-9474-1A3956D46DE8}") = "0.Config", "0.Config", "{E2B24B46-AC05-4802-89AC-A08B03E7E1FC}"
	ProjectSection(SolutionItems) = preProject
		config-tests.json = config-tests.json
		config.json = config.json
	EndProjectSection
EndProject
Project("{2150E333-8FDC-42A3-9474-1A3956D46DE8}") = "1.Domain", "1.Domain", "{E748AA4F-A63D-4CD8-B3D4-7882FB42997D}"
EndProject
Project("{2150E333-8FDC-42A3-9474-1A3956D46DE8}") = "2.DAL", "2.DAL", "{DF466957-4B8B-41EA-A482-F16D07031966}"
EndProject
Project("{2150E333-8FDC-42A3-9474-1A3956D46DE8}") = "3.BLL", "3.BLL", "{D7E21DEC-6682-44BC-A852-B9E3127BB384}"
EndProject
Project("{2150E333-8FDC-42A3-9474-1A3956D46DE8}") = "4.WebApps", "4.WebApps", "{6E1E0C1F-FDF5-4419-9E92-CD0D088692E1}"
EndProject
Project("{9A19103F-16F7-4668-BE54-9A1E7A4F7556}") = "Common", "Common\Common.csproj", "{B6AA6C73-1195-498A-9EBA-1A86C37D3362}"
EndProject
Project("{9A19103F-16F7-4668-BE54-9A1E7A4F7556}") = "Domain", "Domain\Domain.csproj", "{DEC4DBDB-A7D3-4EAE-940D-728A0D025473}"
EndProject
Project("{9A19103F-16F7-4668-BE54-9A1E7A4F7556}") = "DAL", "DAL\DAL.csproj", "{07167870-93EB-4226-8D4C-ED32925D9E30}"
EndProject
Project("{9A19103F-16F7-4668-BE54-9A1E7A4F7556}") = "DAL.Contracts", "DAL.Contracts\DAL.Contracts.csproj", "{57D1DD37-9DAA-4D9C-A10D-981E2CD166EC}"
EndProject
Project("{9A19103F-16F7-4668-BE54-9A1E7A4F7556}") = "DAL.Startup", "DAL.Startup\DAL.Startup.csproj", "{3D102FAE-051A-4C80-8BB0-32AAC9F082B7}"
EndProject
Project("{9A19103F-16F7-4668-BE54-9A1E7A4F7556}") = "BLL", "BLL\BLL.csproj", "{742C77B4-019C-46F1-B7EF-415260633E19}"
EndProject
Project("{9A19103F-16F7-4668-BE54-9A1E7A4F7556}") = "BLL.Contracts", "BLL.Contracts\BLL.Contracts.csproj", "{04EBD4CD-294D-485A-8266-29A3EE846FDB}"
EndProject
Project("{9A19103F-16F7-4668-BE54-9A1E7A4F7556}") = "BLL.Startup", "BLL.Startup\BLL.Startup.csproj", "{90C8BDE4-7809-48AA-AD29-9EA4864B3F60}"
EndProject
Project("{9A19103F-16F7-4668-BE54-9A1E7A4F7556}") = "BLL.Models", "BLL.Models\BLL.Models.csproj", "{3FD1F0E4-A535-4BF2-B334-68E463D43E65}"
EndProject
Project("{2150E333-8FDC-42A3-9474-1A3956D46DE8}") = "9.Tests", "9.Tests", "{74F370FF-02F7-4185-9BC3-1A8B299BB6EE}"
EndProject
Project("{9A19103F-16F7-4668-BE54-9A1E7A4F7556}") = "WebAPITests", "WebAPITests\WebAPITests.csproj", "{DA36F23A-7E99-4DDD-8B87-7C7385F1074D}"
EndProject
Global
	GlobalSection(SolutionConfigurationPlatforms) = preSolution
		Debug|Any CPU = Debug|Any CPU
		Release|Any CPU = Release|Any CPU
	EndGlobalSection
	GlobalSection(ProjectConfigurationPlatforms) = postSolution
		{CF00F8CD-6A66-4D43-A9BA-4B5AF74E3581}.Debug|Any CPU.ActiveCfg = Debug|Any CPU
		{CF00F8CD-6A66-4D43-A9BA-4B5AF74E3581}.Debug|Any CPU.Build.0 = Debug|Any CPU
		{CF00F8CD-6A66-4D43-A9BA-4B5AF74E3581}.Release|Any CPU.ActiveCfg = Release|Any CPU
		{CF00F8CD-6A66-4D43-A9BA-4B5AF74E3581}.Release|Any CPU.Build.0 = Release|Any CPU
		{B6AA6C73-1195-498A-9EBA-1A86C37D3362}.Debug|Any CPU.ActiveCfg = Debug|Any CPU
		{B6AA6C73-1195-498A-9EBA-1A86C37D3362}.Debug|Any CPU.Build.0 = Debug|Any CPU
		{B6AA6C73-1195-498A-9EBA-1A86C37D3362}.Release|Any CPU.ActiveCfg = Release|Any CPU
		{B6AA6C73-1195-498A-9EBA-1A86C37D3362}.Release|Any CPU.Build.0 = Release|Any CPU
		{DEC4DBDB-A7D3-4EAE-940D-728A0D025473}.Debug|Any CPU.ActiveCfg = Debug|Any CPU
		{DEC4DBDB-A7D3-4EAE-940D-728A0D025473}.Debug|Any CPU.Build.0 = Debug|Any CPU
		{DEC4DBDB-A7D3-4EAE-940D-728A0D025473}.Release|Any CPU.ActiveCfg = Release|Any CPU
		{DEC4DBDB-A7D3-4EAE-940D-728A0D025473}.Release|Any CPU.Build.0 = Release|Any CPU
		{07167870-93EB-4226-8D4C-ED32925D9E30}.Debug|Any CPU.ActiveCfg = Debug|Any CPU
		{07167870-93EB-4226-8D4C-ED32925D9E30}.Debug|Any CPU.Build.0 = Debug|Any CPU
		{07167870-93EB-4226-8D4C-ED32925D9E30}.Release|Any CPU.ActiveCfg = Release|Any CPU
		{07167870-93EB-4226-8D4C-ED32925D9E30}.Release|Any CPU.Build.0 = Release|Any CPU
		{57D1DD37-9DAA-4D9C-A10D-981E2CD166EC}.Debug|Any CPU.ActiveCfg = Debug|Any CPU
		{57D1DD37-9DAA-4D9C-A10D-981E2CD166EC}.Debug|Any CPU.Build.0 = Debug|Any CPU
		{57D1DD37-9DAA-4D9C-A10D-981E2CD166EC}.Release|Any CPU.ActiveCfg = Release|Any CPU
		{57D1DD37-9DAA-4D9C-A10D-981E2CD166EC}.Release|Any CPU.Build.0 = Release|Any CPU
		{3D102FAE-051A-4C80-8BB0-32AAC9F082B7}.Debug|Any CPU.ActiveCfg = Debug|Any CPU
		{3D102FAE-051A-4C80-8BB0-32AAC9F082B7}.Debug|Any CPU.Build.0 = Debug|Any CPU
		{3D102FAE-051A-4C80-8BB0-32AAC9F082B7}.Release|Any CPU.ActiveCfg = Release|Any CPU
		{3D102FAE-051A-4C80-8BB0-32AAC9F082B7}.Release|Any CPU.Build.0 = Release|Any CPU
		{742C77B4-019C-46F1-B7EF-415260633E19}.Debug|Any CPU.ActiveCfg = Debug|Any CPU
		{742C77B4-019C-46F1-B7EF-415260633E19}.Debug|Any CPU.Build.0 = Debug|Any CPU
		{742C77B4-019C-46F1-B7EF-415260633E19}.Release|Any CPU.ActiveCfg = Release|Any CPU
		{742C77B4-019C-46F1-B7EF-415260633E19}.Release|Any CPU.Build.0 = Release|Any CPU
		{04EBD4CD-294D-485A-8266-29A3EE846FDB}.Debug|Any CPU.ActiveCfg = Debug|Any CPU
		{04EBD4CD-294D-485A-8266-29A3EE846FDB}.Debug|Any CPU.Build.0 = Debug|Any CPU
		{04EBD4CD-294D-485A-8266-29A3EE846FDB}.Release|Any CPU.ActiveCfg = Release|Any CPU
		{04EBD4CD-294D-485A-8266-29A3EE846FDB}.Release|Any CPU.Build.0 = Release|Any CPU
		{90C8BDE4-7809-48AA-AD29-9EA4864B3F60}.Debug|Any CPU.ActiveCfg = Debug|Any CPU
		{90C8BDE4-7809-48AA-AD29-9EA4864B3F60}.Debug|Any CPU.Build.0 = Debug|Any CPU
		{90C8BDE4-7809-48AA-AD29-9EA4864B3F60}.Release|Any CPU.ActiveCfg = Release|Any CPU
		{90C8BDE4-7809-48AA-AD29-9EA4864B3F60}.Release|Any CPU.Build.0 = Release|Any CPU
		{3FD1F0E4-A535-4BF2-B334-68E463D43E65}.Debug|Any CPU.ActiveCfg = Debug|Any CPU
		{3FD1F0E4-A535-4BF2-B334-68E463D43E65}.Debug|Any CPU.Build.0 = Debug|Any CPU
		{3FD1F0E4-A535-4BF2-B334-68E463D43E65}.Release|Any CPU.ActiveCfg = Release|Any CPU
		{3FD1F0E4-A535-4BF2-B334-68E463D43E65}.Release|Any CPU.Build.0 = Release|Any CPU
		{DA36F23A-7E99-4DDD-8B87-7C7385F1074D}.Debug|Any CPU.ActiveCfg = Debug|Any CPU
		{DA36F23A-7E99-4DDD-8B87-7C7385F1074D}.Debug|Any CPU.Build.0 = Debug|Any CPU
		{DA36F23A-7E99-4DDD-8B87-7C7385F1074D}.Release|Any CPU.ActiveCfg = Release|Any CPU
		{DA36F23A-7E99-4DDD-8B87-7C7385F1074D}.Release|Any CPU.Build.0 = Release|Any CPU
	EndGlobalSection
	GlobalSection(SolutionProperties) = preSolution
		HideSolutionNode = FALSE
	EndGlobalSection
	GlobalSection(NestedProjects) = preSolution
		{CF00F8CD-6A66-4D43-A9BA-4B5AF74E3581} = {6E1E0C1F-FDF5-4419-9E92-CD0D088692E1}
		{B6AA6C73-1195-498A-9EBA-1A86C37D3362} = {E748AA4F-A63D-4CD8-B3D4-7882FB42997D}
		{DEC4DBDB-A7D3-4EAE-940D-728A0D025473} = {E748AA4F-A63D-4CD8-B3D4-7882FB42997D}
		{07167870-93EB-4226-8D4C-ED32925D9E30} = {DF466957-4B8B-41EA-A482-F16D07031966}
		{57D1DD37-9DAA-4D9C-A10D-981E2CD166EC} = {DF466957-4B8B-41EA-A482-F16D07031966}
		{3D102FAE-051A-4C80-8BB0-32AAC9F082B7} = {DF466957-4B8B-41EA-A482-F16D07031966}
		{742C77B4-019C-46F1-B7EF-415260633E19} = {D7E21DEC-6682-44BC-A852-B9E3127BB384}
		{04EBD4CD-294D-485A-8266-29A3EE846FDB} = {D7E21DEC-6682-44BC-A852-B9E3127BB384}
		{90C8BDE4-7809-48AA-AD29-9EA4864B3F60} = {D7E21DEC-6682-44BC-A852-B9E3127BB384}
		{3FD1F0E4-A535-4BF2-B334-68E463D43E65} = {D7E21DEC-6682-44BC-A852-B9E3127BB384}
		{DA36F23A-7E99-4DDD-8B87-7C7385F1074D} = {74F370FF-02F7-4185-9BC3-1A8B299BB6EE}
	EndGlobalSection
	GlobalSection(ExtensibilityGlobals) = postSolution
		SolutionGuid = {B4FF7817-407E-4EF0-88D8-DC5CE68ED49D}
	EndGlobalSection
EndGlobal
